// !$*UTF8*$!
{
	archiveVersion = 1;
	classes = {
	};
	objectVersion = 56;
	objects = {

/* Begin PBXBuildFile section */
		17499EEA2BF7D1D3002F2EF0 /* OneSignalExtension in Frameworks */ = {isa = PBXBuildFile; productRef = 17499EE92BF7D1D3002F2EF0 /* OneSignalExtension */; };
		17499EEC2BF7D1D3002F2EF0 /* OneSignalFramework in Frameworks */ = {isa = PBXBuildFile; productRef = 17499EEB2BF7D1D3002F2EF0 /* OneSignalFramework */; };
		17499EEE2BF7D1D3002F2EF0 /* OneSignalInAppMessages in Frameworks */ = {isa = PBXBuildFile; productRef = 17499EED2BF7D1D3002F2EF0 /* OneSignalInAppMessages */; };
		17499EF02BF7D1D3002F2EF0 /* OneSignalLocation in Frameworks */ = {isa = PBXBuildFile; productRef = 17499EEF2BF7D1D3002F2EF0 /* OneSignalLocation */; };
		17499EF22BF7D924002F2EF0 /* UserSignUp.swift in Sources */ = {isa = PBXBuildFile; fileRef = 17499EF12BF7D924002F2EF0 /* UserSignUp.swift */; };
		185299852BF4ABA600D02939 /* CreateTripCRUD.swift in Sources */ = {isa = PBXBuildFile; fileRef = 185299842BF4ABA600D02939 /* CreateTripCRUD.swift */; };
		189B6AD02BF0AAB600AC3578 /* NotificationService.swift in Sources */ = {isa = PBXBuildFile; fileRef = 189B6ACF2BF0AAB600AC3578 /* NotificationService.swift */; };
		189B6AD42BF0AAB600AC3578 /* OneSignalNotificationServiceExtension.appex in Embed Foundation Extensions */ = {isa = PBXBuildFile; fileRef = 189B6ACD2BF0AAB600AC3578 /* OneSignalNotificationServiceExtension.appex */; settings = {ATTRIBUTES = (RemoveHeadersOnCopy, ); }; };
		18BE9E492BF6897900204231 /* MembersMapView.swift in Sources */ = {isa = PBXBuildFile; fileRef = 18BE9E482BF6897900204231 /* MembersMapView.swift */; };
		18BE9E4B2BF6BF9F00204231 /* NotificationViewModel.swift in Sources */ = {isa = PBXBuildFile; fileRef = 18BE9E4A2BF6BF9F00204231 /* NotificationViewModel.swift */; };
		6F21C9652BE8BF3200CF9FD0 /* UserAccount.swift in Sources */ = {isa = PBXBuildFile; fileRef = 6F21C9642BE8BF3200CF9FD0 /* UserAccount.swift */; };
		6F21C9672BE8C40B00CF9FD0 /* UserInformationView.swift in Sources */ = {isa = PBXBuildFile; fileRef = 6F21C9662BE8C40B00CF9FD0 /* UserInformationView.swift */; };
		6F21C9692BE8C44D00CF9FD0 /* SavedTripsView.swift in Sources */ = {isa = PBXBuildFile; fileRef = 6F21C9682BE8C44D00CF9FD0 /* SavedTripsView.swift */; };
		6F21C96B2BE8C45F00CF9FD0 /* FutureTripsView.swift in Sources */ = {isa = PBXBuildFile; fileRef = 6F21C96A2BE8C45F00CF9FD0 /* FutureTripsView.swift */; };
		6F21C96D2BE8C47300CF9FD0 /* ContactUsView.swift in Sources */ = {isa = PBXBuildFile; fileRef = 6F21C96C2BE8C47300CF9FD0 /* ContactUsView.swift */; };
		6F21C96F2BE8C80400CF9FD0 /* RestPasswordView.swift in Sources */ = {isa = PBXBuildFile; fileRef = 6F21C96E2BE8C80400CF9FD0 /* RestPasswordView.swift */; };
		6F21C9732BE8CDE900CF9FD0 /* HomeViews.swift in Sources */ = {isa = PBXBuildFile; fileRef = 6F21C9722BE8CDE900CF9FD0 /* HomeViews.swift */; };
		6F295F792BE39BA2004FE416 /* createTrip.swift in Sources */ = {isa = PBXBuildFile; fileRef = 6F295F782BE39BA2004FE416 /* createTrip.swift */; };
		6F3A09372BF20A83006F42B3 /* MyMapView.swift in Sources */ = {isa = PBXBuildFile; fileRef = 6F3A09362BF20A83006F42B3 /* MyMapView.swift */; };
		6F3A09392BF20AB4006F42B3 /* MapDrawingBath.swift in Sources */ = {isa = PBXBuildFile; fileRef = 6F3A09382BF20AB4006F42B3 /* MapDrawingBath.swift */; };
		6F3A093B2BF2192D006F42B3 /* NewSearchForDestenation.swift in Sources */ = {isa = PBXBuildFile; fileRef = 6F3A093A2BF2192D006F42B3 /* NewSearchForDestenation.swift */; };
		6F3A093F2BF49A8D006F42B3 /* meetSpotsSelectNewClass.swift in Sources */ = {isa = PBXBuildFile; fileRef = 6F3A093E2BF49A8D006F42B3 /* meetSpotsSelectNewClass.swift */; };
		6F82C3C42BF0A525000B8164 /* PageIndicator.swift in Sources */ = {isa = PBXBuildFile; fileRef = 6F82C3C32BF0A525000B8164 /* PageIndicator.swift */; };
		6F8AD1902BE7664E00191C20 /* AppleButtonView.swift in Sources */ = {isa = PBXBuildFile; fileRef = 6F8AD18F2BE7664E00191C20 /* AppleButtonView.swift */; };
		6F8AD1922BE7667000191C20 /* AppleButtonLogic.swift in Sources */ = {isa = PBXBuildFile; fileRef = 6F8AD1912BE7667000191C20 /* AppleButtonLogic.swift */; };
		6F8AD1952BE76D4100191C20 /* NotificationView.swift in Sources */ = {isa = PBXBuildFile; fileRef = 6F8AD1942BE76D4100191C20 /* NotificationView.swift */; };
		6F8AD1972BE76E2B00191C20 /* ForgetPassword.swift in Sources */ = {isa = PBXBuildFile; fileRef = 6F8AD1962BE76E2B00191C20 /* ForgetPassword.swift */; };
		6F8AD19B2BE77BBD00191C20 /* SelectDestinationView.swift in Sources */ = {isa = PBXBuildFile; fileRef = 6F8AD19A2BE77BBD00191C20 /* SelectDestinationView.swift */; };
		6F8AD19D2BE77BCF00191C20 /* SelectMeetSpotView.swift in Sources */ = {isa = PBXBuildFile; fileRef = 6F8AD19C2BE77BCF00191C20 /* SelectMeetSpotView.swift */; };
		6F9E5A082BDE4C49005BBECC /* RahalAppApp.swift in Sources */ = {isa = PBXBuildFile; fileRef = 6F9E5A072BDE4C49005BBECC /* RahalAppApp.swift */; };
		6F9E5A0F2BDE4C49005BBECC /* Preview Assets.xcassets in Resources */ = {isa = PBXBuildFile; fileRef = 6F9E5A0E2BDE4C49005BBECC /* Preview Assets.xcassets */; };
		6F9E5A232BDE4DF0005BBECC /* PrepardLocationView.swift in Sources */ = {isa = PBXBuildFile; fileRef = 6F9E5A222BDE4DF0005BBECC /* PrepardLocationView.swift */; };
		6F9E5A2D2BDE4EBD005BBECC /* SplashView.swift in Sources */ = {isa = PBXBuildFile; fileRef = 6F9E5A2C2BDE4EBD005BBECC /* SplashView.swift */; };
		6F9E5A302BDE4F55005BBECC /* ViewportHelper.swift in Sources */ = {isa = PBXBuildFile; fileRef = 6F9E5A2F2BDE4F55005BBECC /* ViewportHelper.swift */; };
		6F9E5A322BDE4F5E005BBECC /* ActivityLoader.swift in Sources */ = {isa = PBXBuildFile; fileRef = 6F9E5A312BDE4F5E005BBECC /* ActivityLoader.swift */; };
		6F9E5A342BDE4F89005BBECC /* Utilities.swift in Sources */ = {isa = PBXBuildFile; fileRef = 6F9E5A332BDE4F89005BBECC /* Utilities.swift */; };
		6F9E5A372BDE4FAF005BBECC /* AppConstants.swift in Sources */ = {isa = PBXBuildFile; fileRef = 6F9E5A362BDE4FAF005BBECC /* AppConstants.swift */; };
		6F9E5A392BDE4FB5005BBECC /* StringScheme.swift in Sources */ = {isa = PBXBuildFile; fileRef = 6F9E5A382BDE4FB5005BBECC /* StringScheme.swift */; };
		6F9E5A3B2BDE4FBA005BBECC /* ColorConstants.swift in Sources */ = {isa = PBXBuildFile; fileRef = 6F9E5A3A2BDE4FBA005BBECC /* ColorConstants.swift */; };
		6F9E5A3D2BDE4FC0005BBECC /* FontScheme.swift in Sources */ = {isa = PBXBuildFile; fileRef = 6F9E5A3C2BDE4FC0005BBECC /* FontScheme.swift */; };
		6F9E5A402BDE502A005BBECC /* RoundedCornersView.swift in Sources */ = {isa = PBXBuildFile; fileRef = 6F9E5A3F2BDE502A005BBECC /* RoundedCornersView.swift */; };
		6F9E5A422BDE5054005BBECC /* ViewExtension.swift in Sources */ = {isa = PBXBuildFile; fileRef = 6F9E5A412BDE5054005BBECC /* ViewExtension.swift */; };
		6FBA78C72BDF89340028D7B1 /* OnBoardingClass.swift in Sources */ = {isa = PBXBuildFile; fileRef = 6FBA78C62BDF89340028D7B1 /* OnBoardingClass.swift */; };
		6FBA78C92BDF89950028D7B1 /* OnBoardingView.swift in Sources */ = {isa = PBXBuildFile; fileRef = 6FBA78C82BDF89950028D7B1 /* OnBoardingView.swift */; };
		6FBA78CD2BDF955B0028D7B1 /* ButtonWidget.swift in Sources */ = {isa = PBXBuildFile; fileRef = 6FBA78CC2BDF955B0028D7B1 /* ButtonWidget.swift */; };
		6FBA78D02BDF98270028D7B1 /* LoginView.swift in Sources */ = {isa = PBXBuildFile; fileRef = 6FBA78CF2BDF98270028D7B1 /* LoginView.swift */; };
		6FBA78D22BDF983B0028D7B1 /* RegisterView.swift in Sources */ = {isa = PBXBuildFile; fileRef = 6FBA78D12BDF983B0028D7B1 /* RegisterView.swift */; };
		6FE409D42BEB62C80054B08E /* Assets.xcassets in Resources */ = {isa = PBXBuildFile; fileRef = 6FE409D32BEB62C80054B08E /* Assets.xcassets */; };
		6FE409D62BEB64AB0054B08E /* SearchViewModel.swift in Sources */ = {isa = PBXBuildFile; fileRef = 6FE409D52BEB64AB0054B08E /* SearchViewModel.swift */; };
		6FE409D82BEB65010054B08E /* MaoViewForSearch.swift in Sources */ = {isa = PBXBuildFile; fileRef = 6FE409D72BEB65010054B08E /* MaoViewForSearch.swift */; };
/* End PBXBuildFile section */

/* Begin PBXContainerItemProxy section */
		189B6AD22BF0AAB600AC3578 /* PBXContainerItemProxy */ = {
			isa = PBXContainerItemProxy;
			containerPortal = 6F9E59FC2BDE4C49005BBECC /* Project object */;
			proxyType = 1;
			remoteGlobalIDString = 189B6ACC2BF0AAB600AC3578;
			remoteInfo = OneSignalNotificationServiceExtension;
		};
/* End PBXContainerItemProxy section */

/* Begin PBXCopyFilesBuildPhase section */
		189B6AD82BF0AAB600AC3578 /* Embed Foundation Extensions */ = {
			isa = PBXCopyFilesBuildPhase;
			buildActionMask = 2147483647;
			dstPath = "";
			dstSubfolderSpec = 13;
			files = (
				189B6AD42BF0AAB600AC3578 /* OneSignalNotificationServiceExtension.appex in Embed Foundation Extensions */,
			);
			name = "Embed Foundation Extensions";
			runOnlyForDeploymentPostprocessing = 0;
		};
/* End PBXCopyFilesBuildPhase section */

/* Begin PBXFileReference section */
		17499EF12BF7D924002F2EF0 /* UserSignUp.swift */ = {isa = PBXFileReference; lastKnownFileType = sourcecode.swift; path = UserSignUp.swift; sourceTree = "<group>"; };
		185299842BF4ABA600D02939 /* CreateTripCRUD.swift */ = {isa = PBXFileReference; fileEncoding = 4; lastKnownFileType = sourcecode.swift; path = CreateTripCRUD.swift; sourceTree = "<group>"; };
		189B6AC72BF0AA7B00AC3578 /* RahalApp.entitlements */ = {isa = PBXFileReference; lastKnownFileType = text.plist.entitlements; path = RahalApp.entitlements; sourceTree = "<group>"; };
		189B6AC82BF0AA8500AC3578 /* Info.plist */ = {isa = PBXFileReference; lastKnownFileType = text.plist; path = Info.plist; sourceTree = "<group>"; };
		189B6ACD2BF0AAB600AC3578 /* OneSignalNotificationServiceExtension.appex */ = {isa = PBXFileReference; explicitFileType = "wrapper.app-extension"; includeInIndex = 0; path = OneSignalNotificationServiceExtension.appex; sourceTree = BUILT_PRODUCTS_DIR; };
		189B6ACF2BF0AAB600AC3578 /* NotificationService.swift */ = {isa = PBXFileReference; lastKnownFileType = sourcecode.swift; path = NotificationService.swift; sourceTree = "<group>"; };
		189B6AD12BF0AAB600AC3578 /* Info.plist */ = {isa = PBXFileReference; lastKnownFileType = text.plist.xml; path = Info.plist; sourceTree = "<group>"; };
		189B6AD92BF0AB0800AC3578 /* OneSignalNotificationServiceExtension.entitlements */ = {isa = PBXFileReference; lastKnownFileType = text.plist.entitlements; path = OneSignalNotificationServiceExtension.entitlements; sourceTree = "<group>"; };
		18BE9E482BF6897900204231 /* MembersMapView.swift */ = {isa = PBXFileReference; lastKnownFileType = sourcecode.swift; path = MembersMapView.swift; sourceTree = "<group>"; };
		18BE9E4A2BF6BF9F00204231 /* NotificationViewModel.swift */ = {isa = PBXFileReference; lastKnownFileType = sourcecode.swift; path = NotificationViewModel.swift; sourceTree = "<group>"; };
		6F21C9642BE8BF3200CF9FD0 /* UserAccount.swift */ = {isa = PBXFileReference; lastKnownFileType = sourcecode.swift; path = UserAccount.swift; sourceTree = "<group>"; };
		6F21C9662BE8C40B00CF9FD0 /* UserInformationView.swift */ = {isa = PBXFileReference; lastKnownFileType = sourcecode.swift; path = UserInformationView.swift; sourceTree = "<group>"; };
		6F21C9682BE8C44D00CF9FD0 /* SavedTripsView.swift */ = {isa = PBXFileReference; lastKnownFileType = sourcecode.swift; path = SavedTripsView.swift; sourceTree = "<group>"; };
		6F21C96A2BE8C45F00CF9FD0 /* FutureTripsView.swift */ = {isa = PBXFileReference; lastKnownFileType = sourcecode.swift; path = FutureTripsView.swift; sourceTree = "<group>"; };
		6F21C96C2BE8C47300CF9FD0 /* ContactUsView.swift */ = {isa = PBXFileReference; lastKnownFileType = sourcecode.swift; path = ContactUsView.swift; sourceTree = "<group>"; };
		6F21C96E2BE8C80400CF9FD0 /* RestPasswordView.swift */ = {isa = PBXFileReference; lastKnownFileType = sourcecode.swift; path = RestPasswordView.swift; sourceTree = "<group>"; };
		6F21C9722BE8CDE900CF9FD0 /* HomeViews.swift */ = {isa = PBXFileReference; lastKnownFileType = sourcecode.swift; path = HomeViews.swift; sourceTree = "<group>"; };
		6F295F782BE39BA2004FE416 /* createTrip.swift */ = {isa = PBXFileReference; lastKnownFileType = sourcecode.swift; path = createTrip.swift; sourceTree = "<group>"; };
		6F3A09362BF20A83006F42B3 /* MyMapView.swift */ = {isa = PBXFileReference; lastKnownFileType = sourcecode.swift; path = MyMapView.swift; sourceTree = "<group>"; };
		6F3A09382BF20AB4006F42B3 /* MapDrawingBath.swift */ = {isa = PBXFileReference; lastKnownFileType = sourcecode.swift; path = MapDrawingBath.swift; sourceTree = "<group>"; };
		6F3A093A2BF2192D006F42B3 /* NewSearchForDestenation.swift */ = {isa = PBXFileReference; lastKnownFileType = sourcecode.swift; path = NewSearchForDestenation.swift; sourceTree = "<group>"; };
		6F3A093E2BF49A8D006F42B3 /* meetSpotsSelectNewClass.swift */ = {isa = PBXFileReference; lastKnownFileType = sourcecode.swift; path = meetSpotsSelectNewClass.swift; sourceTree = "<group>"; };
		6F82C3C32BF0A525000B8164 /* PageIndicator.swift */ = {isa = PBXFileReference; fileEncoding = 4; lastKnownFileType = sourcecode.swift; path = PageIndicator.swift; sourceTree = "<group>"; };
		6F8AD18F2BE7664E00191C20 /* AppleButtonView.swift */ = {isa = PBXFileReference; lastKnownFileType = sourcecode.swift; path = AppleButtonView.swift; sourceTree = "<group>"; };
		6F8AD1912BE7667000191C20 /* AppleButtonLogic.swift */ = {isa = PBXFileReference; lastKnownFileType = sourcecode.swift; path = AppleButtonLogic.swift; sourceTree = "<group>"; };
		6F8AD1942BE76D4100191C20 /* NotificationView.swift */ = {isa = PBXFileReference; lastKnownFileType = sourcecode.swift; path = NotificationView.swift; sourceTree = "<group>"; };
		6F8AD1962BE76E2B00191C20 /* ForgetPassword.swift */ = {isa = PBXFileReference; lastKnownFileType = sourcecode.swift; path = ForgetPassword.swift; sourceTree = "<group>"; };
		6F8AD19A2BE77BBD00191C20 /* SelectDestinationView.swift */ = {isa = PBXFileReference; lastKnownFileType = sourcecode.swift; path = SelectDestinationView.swift; sourceTree = "<group>"; };
		6F8AD19C2BE77BCF00191C20 /* SelectMeetSpotView.swift */ = {isa = PBXFileReference; lastKnownFileType = sourcecode.swift; path = SelectMeetSpotView.swift; sourceTree = "<group>"; };
		6F9E5A042BDE4C49005BBECC /* RahalApp.app */ = {isa = PBXFileReference; explicitFileType = wrapper.application; includeInIndex = 0; path = RahalApp.app; sourceTree = BUILT_PRODUCTS_DIR; };
		6F9E5A072BDE4C49005BBECC /* RahalAppApp.swift */ = {isa = PBXFileReference; lastKnownFileType = sourcecode.swift; path = RahalAppApp.swift; sourceTree = "<group>"; };
		6F9E5A0E2BDE4C49005BBECC /* Preview Assets.xcassets */ = {isa = PBXFileReference; lastKnownFileType = folder.assetcatalog; path = "Preview Assets.xcassets"; sourceTree = "<group>"; };
		6F9E5A222BDE4DF0005BBECC /* PrepardLocationView.swift */ = {isa = PBXFileReference; lastKnownFileType = sourcecode.swift; path = PrepardLocationView.swift; sourceTree = "<group>"; };
		6F9E5A2C2BDE4EBD005BBECC /* SplashView.swift */ = {isa = PBXFileReference; lastKnownFileType = sourcecode.swift; path = SplashView.swift; sourceTree = "<group>"; };
		6F9E5A2F2BDE4F55005BBECC /* ViewportHelper.swift */ = {isa = PBXFileReference; fileEncoding = 4; lastKnownFileType = sourcecode.swift; path = ViewportHelper.swift; sourceTree = "<group>"; };
		6F9E5A312BDE4F5E005BBECC /* ActivityLoader.swift */ = {isa = PBXFileReference; fileEncoding = 4; lastKnownFileType = sourcecode.swift; path = ActivityLoader.swift; sourceTree = "<group>"; };
		6F9E5A332BDE4F89005BBECC /* Utilities.swift */ = {isa = PBXFileReference; fileEncoding = 4; lastKnownFileType = sourcecode.swift; path = Utilities.swift; sourceTree = "<group>"; };
		6F9E5A362BDE4FAF005BBECC /* AppConstants.swift */ = {isa = PBXFileReference; fileEncoding = 4; lastKnownFileType = sourcecode.swift; path = AppConstants.swift; sourceTree = "<group>"; };
		6F9E5A382BDE4FB5005BBECC /* StringScheme.swift */ = {isa = PBXFileReference; fileEncoding = 4; lastKnownFileType = sourcecode.swift; path = StringScheme.swift; sourceTree = "<group>"; };
		6F9E5A3A2BDE4FBA005BBECC /* ColorConstants.swift */ = {isa = PBXFileReference; fileEncoding = 4; lastKnownFileType = sourcecode.swift; path = ColorConstants.swift; sourceTree = "<group>"; };
		6F9E5A3C2BDE4FC0005BBECC /* FontScheme.swift */ = {isa = PBXFileReference; fileEncoding = 4; lastKnownFileType = sourcecode.swift; path = FontScheme.swift; sourceTree = "<group>"; };
		6F9E5A3F2BDE502A005BBECC /* RoundedCornersView.swift */ = {isa = PBXFileReference; fileEncoding = 4; lastKnownFileType = sourcecode.swift; path = RoundedCornersView.swift; sourceTree = "<group>"; };
		6F9E5A412BDE5054005BBECC /* ViewExtension.swift */ = {isa = PBXFileReference; fileEncoding = 4; lastKnownFileType = sourcecode.swift; path = ViewExtension.swift; sourceTree = "<group>"; };
		6FBA78C62BDF89340028D7B1 /* OnBoardingClass.swift */ = {isa = PBXFileReference; lastKnownFileType = sourcecode.swift; path = OnBoardingClass.swift; sourceTree = "<group>"; };
		6FBA78C82BDF89950028D7B1 /* OnBoardingView.swift */ = {isa = PBXFileReference; lastKnownFileType = sourcecode.swift; path = OnBoardingView.swift; sourceTree = "<group>"; };
		6FBA78CC2BDF955B0028D7B1 /* ButtonWidget.swift */ = {isa = PBXFileReference; lastKnownFileType = sourcecode.swift; path = ButtonWidget.swift; sourceTree = "<group>"; };
		6FBA78CF2BDF98270028D7B1 /* LoginView.swift */ = {isa = PBXFileReference; lastKnownFileType = sourcecode.swift; path = LoginView.swift; sourceTree = "<group>"; };
		6FBA78D12BDF983B0028D7B1 /* RegisterView.swift */ = {isa = PBXFileReference; lastKnownFileType = sourcecode.swift; path = RegisterView.swift; sourceTree = "<group>"; };
		6FE409D32BEB62C80054B08E /* Assets.xcassets */ = {isa = PBXFileReference; lastKnownFileType = folder.assetcatalog; path = Assets.xcassets; sourceTree = "<group>"; };
		6FE409D52BEB64AB0054B08E /* SearchViewModel.swift */ = {isa = PBXFileReference; lastKnownFileType = sourcecode.swift; path = SearchViewModel.swift; sourceTree = "<group>"; };
		6FE409D72BEB65010054B08E /* MaoViewForSearch.swift */ = {isa = PBXFileReference; lastKnownFileType = sourcecode.swift; path = MaoViewForSearch.swift; sourceTree = "<group>"; };
/* End PBXFileReference section */

/* Begin PBXFrameworksBuildPhase section */
		189B6ACA2BF0AAB600AC3578 /* Frameworks */ = {
			isa = PBXFrameworksBuildPhase;
			buildActionMask = 2147483647;
			files = (
				17499EEA2BF7D1D3002F2EF0 /* OneSignalExtension in Frameworks */,
			);
			runOnlyForDeploymentPostprocessing = 0;
		};
		6F9E5A012BDE4C49005BBECC /* Frameworks */ = {
			isa = PBXFrameworksBuildPhase;
			buildActionMask = 2147483647;
			files = (
				17499EEE2BF7D1D3002F2EF0 /* OneSignalInAppMessages in Frameworks */,
				17499EEC2BF7D1D3002F2EF0 /* OneSignalFramework in Frameworks */,
				17499EF02BF7D1D3002F2EF0 /* OneSignalLocation in Frameworks */,
			);
			runOnlyForDeploymentPostprocessing = 0;
		};
/* End PBXFrameworksBuildPhase section */

/* Begin PBXGroup section */
		189B6ACE2BF0AAB600AC3578 /* OneSignalNotificationServiceExtension */ = {
			isa = PBXGroup;
			children = (
				189B6AD92BF0AB0800AC3578 /* OneSignalNotificationServiceExtension.entitlements */,
				189B6ACF2BF0AAB600AC3578 /* NotificationService.swift */,
				189B6AD12BF0AAB600AC3578 /* Info.plist */,
			);
			path = OneSignalNotificationServiceExtension;
			sourceTree = "<group>";
		};
		189B6ADB2BF0B12C00AC3578 /* Frameworks */ = {
			isa = PBXGroup;
			children = (
			);
			name = Frameworks;
			sourceTree = "<group>";
		};
		6F21C9632BE8BF2100CF9FD0 /* UserAccount */ = {
			isa = PBXGroup;
			children = (
				6F21C9642BE8BF3200CF9FD0 /* UserAccount.swift */,
				6F21C9662BE8C40B00CF9FD0 /* UserInformationView.swift */,
				6F21C9682BE8C44D00CF9FD0 /* SavedTripsView.swift */,
				6F21C96A2BE8C45F00CF9FD0 /* FutureTripsView.swift */,
				6F21C96C2BE8C47300CF9FD0 /* ContactUsView.swift */,
				6F21C96E2BE8C80400CF9FD0 /* RestPasswordView.swift */,
			);
			path = UserAccount;
			sourceTree = "<group>";
		};
		6F21C9702BE8CDAE00CF9FD0 /* HomeViews */ = {
			isa = PBXGroup;
			children = (
				6F21C9722BE8CDE900CF9FD0 /* HomeViews.swift */,
			);
			path = HomeViews;
			sourceTree = "<group>";
		};
		6F295F772BE39B90004FE416 /* Trips */ = {
			isa = PBXGroup;
			children = (
				185299842BF4ABA600D02939 /* CreateTripCRUD.swift */,
				6F295F782BE39BA2004FE416 /* createTrip.swift */,
				6F8AD19A2BE77BBD00191C20 /* SelectDestinationView.swift */,
				6F8AD19C2BE77BCF00191C20 /* SelectMeetSpotView.swift */,
				6F9E5A222BDE4DF0005BBECC /* PrepardLocationView.swift */,
				6FE409D52BEB64AB0054B08E /* SearchViewModel.swift */,
				6FE409D72BEB65010054B08E /* MaoViewForSearch.swift */,
				6F3A09362BF20A83006F42B3 /* MyMapView.swift */,
				6F3A09382BF20AB4006F42B3 /* MapDrawingBath.swift */,
				6F3A093A2BF2192D006F42B3 /* NewSearchForDestenation.swift */,
				6F3A093E2BF49A8D006F42B3 /* meetSpotsSelectNewClass.swift */,
				18BE9E482BF6897900204231 /* MembersMapView.swift */,
			);
			path = Trips;
			sourceTree = "<group>";
		};
		6F8AD1932BE76D3000191C20 /* Notification */ = {
			isa = PBXGroup;
			children = (
				6F8AD1942BE76D4100191C20 /* NotificationView.swift */,
				18BE9E4A2BF6BF9F00204231 /* NotificationViewModel.swift */,
			);
			path = Notification;
			sourceTree = "<group>";
		};
		6F9E59FB2BDE4C49005BBECC = {
			isa = PBXGroup;
			children = (
				6F9E5A062BDE4C49005BBECC /* RahalApp */,
				189B6ACE2BF0AAB600AC3578 /* OneSignalNotificationServiceExtension */,
				6F9E5A052BDE4C49005BBECC /* Products */,
				189B6ADB2BF0B12C00AC3578 /* Frameworks */,
			);
			sourceTree = "<group>";
		};
		6F9E5A052BDE4C49005BBECC /* Products */ = {
			isa = PBXGroup;
			children = (
				6F9E5A042BDE4C49005BBECC /* RahalApp.app */,
				189B6ACD2BF0AAB600AC3578 /* OneSignalNotificationServiceExtension.appex */,
			);
			name = Products;
			sourceTree = "<group>";
		};
		6F9E5A062BDE4C49005BBECC /* RahalApp */ = {
			isa = PBXGroup;
			children = (
				189B6AC82BF0AA8500AC3578 /* Info.plist */,
				189B6AC72BF0AA7B00AC3578 /* RahalApp.entitlements */,
				6F9E5A3E2BDE5019005BBECC /* Extentions */,
				6F9E5A352BDE4FA5005BBECC /* Constants */,
				6F9E5A2E2BDE4F32005BBECC /* Helper */,
				6F9E5A152BDE4C96005BBECC /* Views */,
				6F9E5A072BDE4C49005BBECC /* RahalAppApp.swift */,
				6FE409D32BEB62C80054B08E /* Assets.xcassets */,
				6F9E5A0D2BDE4C49005BBECC /* Preview Content */,
			);
			path = RahalApp;
			sourceTree = "<group>";
		};
		6F9E5A0D2BDE4C49005BBECC /* Preview Content */ = {
			isa = PBXGroup;
			children = (
				6F9E5A0E2BDE4C49005BBECC /* Preview Assets.xcassets */,
			);
			path = "Preview Content";
			sourceTree = "<group>";
		};
		6F9E5A152BDE4C96005BBECC /* Views */ = {
			isa = PBXGroup;
			children = (
				6F21C9702BE8CDAE00CF9FD0 /* HomeViews */,
				6F21C9632BE8BF2100CF9FD0 /* UserAccount */,
				6F8AD1932BE76D3000191C20 /* Notification */,
				6F295F772BE39B90004FE416 /* Trips */,
				6FBA78CE2BDF980A0028D7B1 /* Auth */,
				6F9E5A1F2BDE4D98005BBECC /* OnBoardingView */,
				6F9E5A1A2BDE4D61005BBECC /* SplashView */,
			);
			path = Views;
			sourceTree = "<group>";
		};
		6F9E5A1A2BDE4D61005BBECC /* SplashView */ = {
			isa = PBXGroup;
			children = (
				6F9E5A2C2BDE4EBD005BBECC /* SplashView.swift */,
			);
			path = SplashView;
			sourceTree = "<group>";
		};
		6F9E5A1F2BDE4D98005BBECC /* OnBoardingView */ = {
			isa = PBXGroup;
			children = (
				6F82C3C32BF0A525000B8164 /* PageIndicator.swift */,
				6FBA78C62BDF89340028D7B1 /* OnBoardingClass.swift */,
				6FBA78C82BDF89950028D7B1 /* OnBoardingView.swift */,
			);
			path = OnBoardingView;
			sourceTree = "<group>";
		};
		6F9E5A2E2BDE4F32005BBECC /* Helper */ = {
			isa = PBXGroup;
			children = (
				6F9E5A332BDE4F89005BBECC /* Utilities.swift */,
				6F9E5A312BDE4F5E005BBECC /* ActivityLoader.swift */,
				6F9E5A2F2BDE4F55005BBECC /* ViewportHelper.swift */,
				6FBA78CC2BDF955B0028D7B1 /* ButtonWidget.swift */,
			);
			path = Helper;
			sourceTree = "<group>";
		};
		6F9E5A352BDE4FA5005BBECC /* Constants */ = {
			isa = PBXGroup;
			children = (
				6F9E5A362BDE4FAF005BBECC /* AppConstants.swift */,
				6F9E5A382BDE4FB5005BBECC /* StringScheme.swift */,
				6F9E5A3A2BDE4FBA005BBECC /* ColorConstants.swift */,
				6F9E5A3C2BDE4FC0005BBECC /* FontScheme.swift */,
			);
			path = Constants;
			sourceTree = "<group>";
		};
		6F9E5A3E2BDE5019005BBECC /* Extentions */ = {
			isa = PBXGroup;
			children = (
				6F9E5A412BDE5054005BBECC /* ViewExtension.swift */,
				6F9E5A3F2BDE502A005BBECC /* RoundedCornersView.swift */,
			);
			path = Extentions;
			sourceTree = "<group>";
		};
		6FBA78CE2BDF980A0028D7B1 /* Auth */ = {
			isa = PBXGroup;
			children = (
				6FBA78CF2BDF98270028D7B1 /* LoginView.swift */,
				6FBA78D12BDF983B0028D7B1 /* RegisterView.swift */,
				6F8AD18F2BE7664E00191C20 /* AppleButtonView.swift */,
				6F8AD1912BE7667000191C20 /* AppleButtonLogic.swift */,
				6F8AD1962BE76E2B00191C20 /* ForgetPassword.swift */,
				17499EF12BF7D924002F2EF0 /* UserSignUp.swift */,
			);
			path = Auth;
			sourceTree = "<group>";
		};
/* End PBXGroup section */

/* Begin PBXNativeTarget section */
		189B6ACC2BF0AAB600AC3578 /* OneSignalNotificationServiceExtension */ = {
			isa = PBXNativeTarget;
			buildConfigurationList = 189B6AD52BF0AAB600AC3578 /* Build configuration list for PBXNativeTarget "OneSignalNotificationServiceExtension" */;
			buildPhases = (
				189B6AC92BF0AAB600AC3578 /* Sources */,
				189B6ACA2BF0AAB600AC3578 /* Frameworks */,
				189B6ACB2BF0AAB600AC3578 /* Resources */,
			);
			buildRules = (
			);
			dependencies = (
			);
			name = OneSignalNotificationServiceExtension;
			packageProductDependencies = (
				17499EE92BF7D1D3002F2EF0 /* OneSignalExtension */,
			);
			productName = OneSignalNotificationServiceExtension;
			productReference = 189B6ACD2BF0AAB600AC3578 /* OneSignalNotificationServiceExtension.appex */;
			productType = "com.apple.product-type.app-extension";
		};
		6F9E5A032BDE4C49005BBECC /* RahalApp */ = {
			isa = PBXNativeTarget;
			buildConfigurationList = 6F9E5A122BDE4C49005BBECC /* Build configuration list for PBXNativeTarget "RahalApp" */;
			buildPhases = (
				6F9E5A002BDE4C49005BBECC /* Sources */,
				6F9E5A012BDE4C49005BBECC /* Frameworks */,
				6F9E5A022BDE4C49005BBECC /* Resources */,
				189B6AD82BF0AAB600AC3578 /* Embed Foundation Extensions */,
			);
			buildRules = (
			);
			dependencies = (
				189B6AD32BF0AAB600AC3578 /* PBXTargetDependency */,
			);
			name = RahalApp;
			packageProductDependencies = (
				17499EEB2BF7D1D3002F2EF0 /* OneSignalFramework */,
				17499EED2BF7D1D3002F2EF0 /* OneSignalInAppMessages */,
				17499EEF2BF7D1D3002F2EF0 /* OneSignalLocation */,
			);
			productName = RahalApp;
			productReference = 6F9E5A042BDE4C49005BBECC /* RahalApp.app */;
			productType = "com.apple.product-type.application";
		};
/* End PBXNativeTarget section */

/* Begin PBXProject section */
		6F9E59FC2BDE4C49005BBECC /* Project object */ = {
			isa = PBXProject;
			attributes = {
				BuildIndependentTargetsInParallel = 1;
				LastSwiftUpdateCheck = 1530;
				LastUpgradeCheck = 1530;
				TargetAttributes = {
					189B6ACC2BF0AAB600AC3578 = {
						CreatedOnToolsVersion = 15.3;
					};
					6F9E5A032BDE4C49005BBECC = {
						CreatedOnToolsVersion = 15.3;
					};
				};
			};
			buildConfigurationList = 6F9E59FF2BDE4C49005BBECC /* Build configuration list for PBXProject "RahalApp" */;
			compatibilityVersion = "Xcode 14.0";
			developmentRegion = en;
			hasScannedForEncodings = 0;
			knownRegions = (
				en,
				Base,
			);
			mainGroup = 6F9E59FB2BDE4C49005BBECC;
			packageReferences = (
				17499EE82BF7D1D3002F2EF0 /* XCRemoteSwiftPackageReference "OneSignal-XCFramework" */,
			);
			productRefGroup = 6F9E5A052BDE4C49005BBECC /* Products */;
			projectDirPath = "";
			projectRoot = "";
			targets = (
				6F9E5A032BDE4C49005BBECC /* RahalApp */,
				189B6ACC2BF0AAB600AC3578 /* OneSignalNotificationServiceExtension */,
			);
		};
/* End PBXProject section */

/* Begin PBXResourcesBuildPhase section */
		189B6ACB2BF0AAB600AC3578 /* Resources */ = {
			isa = PBXResourcesBuildPhase;
			buildActionMask = 2147483647;
			files = (
			);
			runOnlyForDeploymentPostprocessing = 0;
		};
		6F9E5A022BDE4C49005BBECC /* Resources */ = {
			isa = PBXResourcesBuildPhase;
			buildActionMask = 2147483647;
			files = (
				6FE409D42BEB62C80054B08E /* Assets.xcassets in Resources */,
				6F9E5A0F2BDE4C49005BBECC /* Preview Assets.xcassets in Resources */,
			);
			runOnlyForDeploymentPostprocessing = 0;
		};
/* End PBXResourcesBuildPhase section */

/* Begin PBXSourcesBuildPhase section */
		189B6AC92BF0AAB600AC3578 /* Sources */ = {
			isa = PBXSourcesBuildPhase;
			buildActionMask = 2147483647;
			files = (
				189B6AD02BF0AAB600AC3578 /* NotificationService.swift in Sources */,
			);
			runOnlyForDeploymentPostprocessing = 0;
		};
		6F9E5A002BDE4C49005BBECC /* Sources */ = {
			isa = PBXSourcesBuildPhase;
			buildActionMask = 2147483647;
			files = (
				6F21C9692BE8C44D00CF9FD0 /* SavedTripsView.swift in Sources */,
				6F21C9732BE8CDE900CF9FD0 /* HomeViews.swift in Sources */,
				6F8AD19D2BE77BCF00191C20 /* SelectMeetSpotView.swift in Sources */,
				18BE9E492BF6897900204231 /* MembersMapView.swift in Sources */,
				6F21C9652BE8BF3200CF9FD0 /* UserAccount.swift in Sources */,
				6F8AD1922BE7667000191C20 /* AppleButtonLogic.swift in Sources */,
				6FE409D82BEB65010054B08E /* MaoViewForSearch.swift in Sources */,
				6FBA78C72BDF89340028D7B1 /* OnBoardingClass.swift in Sources */,
				185299852BF4ABA600D02939 /* CreateTripCRUD.swift in Sources */,
				18BE9E4B2BF6BF9F00204231 /* NotificationViewModel.swift in Sources */,
				17499EF22BF7D924002F2EF0 /* UserSignUp.swift in Sources */,
				6F21C96B2BE8C45F00CF9FD0 /* FutureTripsView.swift in Sources */,
				6F9E5A392BDE4FB5005BBECC /* StringScheme.swift in Sources */,
				6F21C96D2BE8C47300CF9FD0 /* ContactUsView.swift in Sources */,
				6F8AD19B2BE77BBD00191C20 /* SelectDestinationView.swift in Sources */,
				6F8AD1952BE76D4100191C20 /* NotificationView.swift in Sources */,
				6FBA78CD2BDF955B0028D7B1 /* ButtonWidget.swift in Sources */,
				6FE409D62BEB64AB0054B08E /* SearchViewModel.swift in Sources */,
				6F82C3C42BF0A525000B8164 /* PageIndicator.swift in Sources */,
				6F9E5A342BDE4F89005BBECC /* Utilities.swift in Sources */,
				6F9E5A302BDE4F55005BBECC /* ViewportHelper.swift in Sources */,
				6F3A09372BF20A83006F42B3 /* MyMapView.swift in Sources */,
				6F9E5A322BDE4F5E005BBECC /* ActivityLoader.swift in Sources */,
				6F8AD1902BE7664E00191C20 /* AppleButtonView.swift in Sources */,
				6FBA78D22BDF983B0028D7B1 /* RegisterView.swift in Sources */,
				6F9E5A372BDE4FAF005BBECC /* AppConstants.swift in Sources */,
				6F9E5A3B2BDE4FBA005BBECC /* ColorConstants.swift in Sources */,
				6F9E5A082BDE4C49005BBECC /* RahalAppApp.swift in Sources */,
				6F9E5A402BDE502A005BBECC /* RoundedCornersView.swift in Sources */,
				6FBA78D02BDF98270028D7B1 /* LoginView.swift in Sources */,
				6F3A093B2BF2192D006F42B3 /* NewSearchForDestenation.swift in Sources */,
				6F8AD1972BE76E2B00191C20 /* ForgetPassword.swift in Sources */,
				6F3A093F2BF49A8D006F42B3 /* meetSpotsSelectNewClass.swift in Sources */,
				6F9E5A3D2BDE4FC0005BBECC /* FontScheme.swift in Sources */,
				6F9E5A422BDE5054005BBECC /* ViewExtension.swift in Sources */,
				6FBA78C92BDF89950028D7B1 /* OnBoardingView.swift in Sources */,
				6F21C9672BE8C40B00CF9FD0 /* UserInformationView.swift in Sources */,
				6F9E5A232BDE4DF0005BBECC /* PrepardLocationView.swift in Sources */,
				6F3A09392BF20AB4006F42B3 /* MapDrawingBath.swift in Sources */,
				6F21C96F2BE8C80400CF9FD0 /* RestPasswordView.swift in Sources */,
				6F295F792BE39BA2004FE416 /* createTrip.swift in Sources */,
				6F9E5A2D2BDE4EBD005BBECC /* SplashView.swift in Sources */,
			);
			runOnlyForDeploymentPostprocessing = 0;
		};
/* End PBXSourcesBuildPhase section */

/* Begin PBXTargetDependency section */
		189B6AD32BF0AAB600AC3578 /* PBXTargetDependency */ = {
			isa = PBXTargetDependency;
			target = 189B6ACC2BF0AAB600AC3578 /* OneSignalNotificationServiceExtension */;
			targetProxy = 189B6AD22BF0AAB600AC3578 /* PBXContainerItemProxy */;
		};
/* End PBXTargetDependency section */

/* Begin XCBuildConfiguration section */
		189B6AD62BF0AAB600AC3578 /* Debug */ = {
			isa = XCBuildConfiguration;
			buildSettings = {
				CODE_SIGN_ENTITLEMENTS = OneSignalNotificationServiceExtension/OneSignalNotificationServiceExtension.entitlements;
				CODE_SIGN_STYLE = Automatic;
				CURRENT_PROJECT_VERSION = 1;
				DEVELOPMENT_TEAM = PHF334QSRA;
				GENERATE_INFOPLIST_FILE = YES;
				INFOPLIST_FILE = OneSignalNotificationServiceExtension/Info.plist;
				INFOPLIST_KEY_CFBundleDisplayName = OneSignalNotificationServiceExtension;
				INFOPLIST_KEY_NSHumanReadableCopyright = "";
				IPHONEOS_DEPLOYMENT_TARGET = 17.0;
				LD_RUNPATH_SEARCH_PATHS = (
					"$(inherited)",
					"@executable_path/Frameworks",
					"@executable_path/../../Frameworks",
				);
				MARKETING_VERSION = 1.0;
				PRODUCT_BUNDLE_IDENTIFIER = twq.RahalAppSuha.OneSignalNotificationServiceExtension;
				PRODUCT_NAME = "$(TARGET_NAME)";
				SKIP_INSTALL = YES;
				SWIFT_EMIT_LOC_STRINGS = YES;
				SWIFT_VERSION = 5.0;
				TARGETED_DEVICE_FAMILY = "1,2";
			};
			name = Debug;
		};
		189B6AD72BF0AAB600AC3578 /* Release */ = {
			isa = XCBuildConfiguration;
			buildSettings = {
				CODE_SIGN_ENTITLEMENTS = OneSignalNotificationServiceExtension/OneSignalNotificationServiceExtension.entitlements;
				CODE_SIGN_STYLE = Automatic;
				CURRENT_PROJECT_VERSION = 1;
				DEVELOPMENT_TEAM = PHF334QSRA;
				GENERATE_INFOPLIST_FILE = YES;
				INFOPLIST_FILE = OneSignalNotificationServiceExtension/Info.plist;
				INFOPLIST_KEY_CFBundleDisplayName = OneSignalNotificationServiceExtension;
				INFOPLIST_KEY_NSHumanReadableCopyright = "";
				IPHONEOS_DEPLOYMENT_TARGET = 17.0;
				LD_RUNPATH_SEARCH_PATHS = (
					"$(inherited)",
					"@executable_path/Frameworks",
					"@executable_path/../../Frameworks",
				);
				MARKETING_VERSION = 1.0;
				PRODUCT_BUNDLE_IDENTIFIER = twq.RahalAppSuha.OneSignalNotificationServiceExtension;
				PRODUCT_NAME = "$(TARGET_NAME)";
				SKIP_INSTALL = YES;
				SWIFT_EMIT_LOC_STRINGS = YES;
				SWIFT_VERSION = 5.0;
				TARGETED_DEVICE_FAMILY = "1,2";
			};
			name = Release;
		};
		6F9E5A102BDE4C49005BBECC /* Debug */ = {
			isa = XCBuildConfiguration;
			buildSettings = {
				ALWAYS_SEARCH_USER_PATHS = NO;
				ASSETCATALOG_COMPILER_GENERATE_SWIFT_ASSET_SYMBOL_EXTENSIONS = YES;
				CLANG_ANALYZER_NONNULL = YES;
				CLANG_ANALYZER_NUMBER_OBJECT_CONVERSION = YES_AGGRESSIVE;
				CLANG_CXX_LANGUAGE_STANDARD = "gnu++20";
				CLANG_ENABLE_MODULES = YES;
				CLANG_ENABLE_OBJC_ARC = YES;
				CLANG_ENABLE_OBJC_WEAK = YES;
				CLANG_WARN_BLOCK_CAPTURE_AUTORELEASING = YES;
				CLANG_WARN_BOOL_CONVERSION = YES;
				CLANG_WARN_COMMA = YES;
				CLANG_WARN_CONSTANT_CONVERSION = YES;
				CLANG_WARN_DEPRECATED_OBJC_IMPLEMENTATIONS = YES;
				CLANG_WARN_DIRECT_OBJC_ISA_USAGE = YES_ERROR;
				CLANG_WARN_DOCUMENTATION_COMMENTS = YES;
				CLANG_WARN_EMPTY_BODY = YES;
				CLANG_WARN_ENUM_CONVERSION = YES;
				CLANG_WARN_INFINITE_RECURSION = YES;
				CLANG_WARN_INT_CONVERSION = YES;
				CLANG_WARN_NON_LITERAL_NULL_CONVERSION = YES;
				CLANG_WARN_OBJC_IMPLICIT_RETAIN_SELF = YES;
				CLANG_WARN_OBJC_LITERAL_CONVERSION = YES;
				CLANG_WARN_OBJC_ROOT_CLASS = YES_ERROR;
				CLANG_WARN_QUOTED_INCLUDE_IN_FRAMEWORK_HEADER = YES;
				CLANG_WARN_RANGE_LOOP_ANALYSIS = YES;
				CLANG_WARN_STRICT_PROTOTYPES = YES;
				CLANG_WARN_SUSPICIOUS_MOVE = YES;
				CLANG_WARN_UNGUARDED_AVAILABILITY = YES_AGGRESSIVE;
				CLANG_WARN_UNREACHABLE_CODE = YES;
				CLANG_WARN__DUPLICATE_METHOD_MATCH = YES;
				COPY_PHASE_STRIP = NO;
				DEBUG_INFORMATION_FORMAT = dwarf;
				ENABLE_STRICT_OBJC_MSGSEND = YES;
				ENABLE_TESTABILITY = YES;
				ENABLE_USER_SCRIPT_SANDBOXING = YES;
				GCC_C_LANGUAGE_STANDARD = gnu17;
				GCC_DYNAMIC_NO_PIC = NO;
				GCC_NO_COMMON_BLOCKS = YES;
				GCC_OPTIMIZATION_LEVEL = 0;
				GCC_PREPROCESSOR_DEFINITIONS = (
					"DEBUG=1",
					"$(inherited)",
				);
				GCC_WARN_64_TO_32_BIT_CONVERSION = YES;
				GCC_WARN_ABOUT_RETURN_TYPE = YES_ERROR;
				GCC_WARN_UNDECLARED_SELECTOR = YES;
				GCC_WARN_UNINITIALIZED_AUTOS = YES_AGGRESSIVE;
				GCC_WARN_UNUSED_FUNCTION = YES;
				GCC_WARN_UNUSED_VARIABLE = YES;
				IPHONEOS_DEPLOYMENT_TARGET = 17.4;
				LOCALIZATION_PREFERS_STRING_CATALOGS = YES;
				MTL_ENABLE_DEBUG_INFO = INCLUDE_SOURCE;
				MTL_FAST_MATH = YES;
				ONLY_ACTIVE_ARCH = YES;
				SDKROOT = iphoneos;
				SWIFT_ACTIVE_COMPILATION_CONDITIONS = "DEBUG $(inherited)";
				SWIFT_OPTIMIZATION_LEVEL = "-Onone";
			};
			name = Debug;
		};
		6F9E5A112BDE4C49005BBECC /* Release */ = {
			isa = XCBuildConfiguration;
			buildSettings = {
				ALWAYS_SEARCH_USER_PATHS = NO;
				ASSETCATALOG_COMPILER_GENERATE_SWIFT_ASSET_SYMBOL_EXTENSIONS = YES;
				CLANG_ANALYZER_NONNULL = YES;
				CLANG_ANALYZER_NUMBER_OBJECT_CONVERSION = YES_AGGRESSIVE;
				CLANG_CXX_LANGUAGE_STANDARD = "gnu++20";
				CLANG_ENABLE_MODULES = YES;
				CLANG_ENABLE_OBJC_ARC = YES;
				CLANG_ENABLE_OBJC_WEAK = YES;
				CLANG_WARN_BLOCK_CAPTURE_AUTORELEASING = YES;
				CLANG_WARN_BOOL_CONVERSION = YES;
				CLANG_WARN_COMMA = YES;
				CLANG_WARN_CONSTANT_CONVERSION = YES;
				CLANG_WARN_DEPRECATED_OBJC_IMPLEMENTATIONS = YES;
				CLANG_WARN_DIRECT_OBJC_ISA_USAGE = YES_ERROR;
				CLANG_WARN_DOCUMENTATION_COMMENTS = YES;
				CLANG_WARN_EMPTY_BODY = YES;
				CLANG_WARN_ENUM_CONVERSION = YES;
				CLANG_WARN_INFINITE_RECURSION = YES;
				CLANG_WARN_INT_CONVERSION = YES;
				CLANG_WARN_NON_LITERAL_NULL_CONVERSION = YES;
				CLANG_WARN_OBJC_IMPLICIT_RETAIN_SELF = YES;
				CLANG_WARN_OBJC_LITERAL_CONVERSION = YES;
				CLANG_WARN_OBJC_ROOT_CLASS = YES_ERROR;
				CLANG_WARN_QUOTED_INCLUDE_IN_FRAMEWORK_HEADER = YES;
				CLANG_WARN_RANGE_LOOP_ANALYSIS = YES;
				CLANG_WARN_STRICT_PROTOTYPES = YES;
				CLANG_WARN_SUSPICIOUS_MOVE = YES;
				CLANG_WARN_UNGUARDED_AVAILABILITY = YES_AGGRESSIVE;
				CLANG_WARN_UNREACHABLE_CODE = YES;
				CLANG_WARN__DUPLICATE_METHOD_MATCH = YES;
				COPY_PHASE_STRIP = NO;
				DEBUG_INFORMATION_FORMAT = "dwarf-with-dsym";
				ENABLE_NS_ASSERTIONS = NO;
				ENABLE_STRICT_OBJC_MSGSEND = YES;
				ENABLE_USER_SCRIPT_SANDBOXING = YES;
				GCC_C_LANGUAGE_STANDARD = gnu17;
				GCC_NO_COMMON_BLOCKS = YES;
				GCC_WARN_64_TO_32_BIT_CONVERSION = YES;
				GCC_WARN_ABOUT_RETURN_TYPE = YES_ERROR;
				GCC_WARN_UNDECLARED_SELECTOR = YES;
				GCC_WARN_UNINITIALIZED_AUTOS = YES_AGGRESSIVE;
				GCC_WARN_UNUSED_FUNCTION = YES;
				GCC_WARN_UNUSED_VARIABLE = YES;
				IPHONEOS_DEPLOYMENT_TARGET = 17.4;
				LOCALIZATION_PREFERS_STRING_CATALOGS = YES;
				MTL_ENABLE_DEBUG_INFO = NO;
				MTL_FAST_MATH = YES;
				SDKROOT = iphoneos;
				SWIFT_COMPILATION_MODE = wholemodule;
				VALIDATE_PRODUCT = YES;
			};
			name = Release;
		};
		6F9E5A132BDE4C49005BBECC /* Debug */ = {
			isa = XCBuildConfiguration;
			buildSettings = {
				ALWAYS_EMBED_SWIFT_STANDARD_LIBRARIES = YES;
				ASSETCATALOG_COMPILER_APPICON_NAME = AppIcon;
				ASSETCATALOG_COMPILER_GLOBAL_ACCENT_COLOR_NAME = AccentColor;
				CODE_SIGN_ENTITLEMENTS = RahalApp/RahalApp.entitlements;
				CODE_SIGN_IDENTITY = "Apple Development";
				CODE_SIGN_STYLE = Automatic;
				CURRENT_PROJECT_VERSION = 1;
				DEVELOPMENT_ASSET_PATHS = "\"RahalApp/Preview Content\"";
				DEVELOPMENT_TEAM = PHF334QSRA;
				ENABLE_PREVIEWS = YES;
				GENERATE_INFOPLIST_FILE = YES;
				INFOPLIST_FILE = RahalApp/Info.plist;
				INFOPLIST_KEY_NSLocationAlwaysUsageDescription = "نحتاج الوصول الى موقعك";
				INFOPLIST_KEY_NSLocationWhenInUseUsageDescription = "نحتاج الوصول الى موقعك ";
				INFOPLIST_KEY_UIApplicationSceneManifest_Generation = YES;
				INFOPLIST_KEY_UIApplicationSupportsIndirectInputEvents = YES;
				INFOPLIST_KEY_UILaunchScreen_Generation = YES;
				INFOPLIST_KEY_UIStatusBarHidden = YES;
				INFOPLIST_KEY_UISupportedInterfaceOrientations_iPad = "UIInterfaceOrientationPortrait UIInterfaceOrientationPortraitUpsideDown UIInterfaceOrientationLandscapeLeft UIInterfaceOrientationLandscapeRight";
				INFOPLIST_KEY_UISupportedInterfaceOrientations_iPhone = "UIInterfaceOrientationPortrait UIInterfaceOrientationLandscapeLeft UIInterfaceOrientationLandscapeRight";
				LD_RUNPATH_SEARCH_PATHS = (
					"$(inherited)",
					"@executable_path/Frameworks",
				);
				MARKETING_VERSION = 1.0;
				PRODUCT_BUNDLE_IDENTIFIER = twq.RahalAppSuha;
				PRODUCT_NAME = "$(TARGET_NAME)";
				PROVISIONING_PROFILE_SPECIFIER = "";
				SWIFT_EMIT_LOC_STRINGS = YES;
				SWIFT_VERSION = 5.0;
				TARGETED_DEVICE_FAMILY = "1,2";
			};
			name = Debug;
		};
		6F9E5A142BDE4C49005BBECC /* Release */ = {
			isa = XCBuildConfiguration;
			buildSettings = {
				ALWAYS_EMBED_SWIFT_STANDARD_LIBRARIES = YES;
				ASSETCATALOG_COMPILER_APPICON_NAME = AppIcon;
				ASSETCATALOG_COMPILER_GLOBAL_ACCENT_COLOR_NAME = AccentColor;
				CODE_SIGN_ENTITLEMENTS = RahalApp/RahalApp.entitlements;
				CODE_SIGN_IDENTITY = "Apple Development";
				CODE_SIGN_STYLE = Automatic;
				CURRENT_PROJECT_VERSION = 1;
				DEVELOPMENT_ASSET_PATHS = "\"RahalApp/Preview Content\"";
				DEVELOPMENT_TEAM = PHF334QSRA;
				ENABLE_PREVIEWS = YES;
				GENERATE_INFOPLIST_FILE = YES;
				INFOPLIST_FILE = RahalApp/Info.plist;
				INFOPLIST_KEY_NSLocationAlwaysUsageDescription = "نحتاج الوصول الى موقعك";
				INFOPLIST_KEY_NSLocationWhenInUseUsageDescription = "نحتاج الوصول الى موقعك ";
				INFOPLIST_KEY_UIApplicationSceneManifest_Generation = YES;
				INFOPLIST_KEY_UIApplicationSupportsIndirectInputEvents = YES;
				INFOPLIST_KEY_UILaunchScreen_Generation = YES;
				INFOPLIST_KEY_UIStatusBarHidden = YES;
				INFOPLIST_KEY_UISupportedInterfaceOrientations_iPad = "UIInterfaceOrientationPortrait UIInterfaceOrientationPortraitUpsideDown UIInterfaceOrientationLandscapeLeft UIInterfaceOrientationLandscapeRight";
				INFOPLIST_KEY_UISupportedInterfaceOrientations_iPhone = "UIInterfaceOrientationPortrait UIInterfaceOrientationLandscapeLeft UIInterfaceOrientationLandscapeRight";
				LD_RUNPATH_SEARCH_PATHS = (
					"$(inherited)",
					"@executable_path/Frameworks",
				);
				MARKETING_VERSION = 1.0;
				PRODUCT_BUNDLE_IDENTIFIER = twq.RahalAppSuha;
				PRODUCT_NAME = "$(TARGET_NAME)";
				PROVISIONING_PROFILE_SPECIFIER = "";
				SWIFT_EMIT_LOC_STRINGS = YES;
				SWIFT_VERSION = 5.0;
				TARGETED_DEVICE_FAMILY = "1,2";
			};
			name = Release;
		};
/* End XCBuildConfiguration section */

/* Begin XCConfigurationList section */
		189B6AD52BF0AAB600AC3578 /* Build configuration list for PBXNativeTarget "OneSignalNotificationServiceExtension" */ = {
			isa = XCConfigurationList;
			buildConfigurations = (
				189B6AD62BF0AAB600AC3578 /* Debug */,
				189B6AD72BF0AAB600AC3578 /* Release */,
			);
			defaultConfigurationIsVisible = 0;
			defaultConfigurationName = Release;
		};
		6F9E59FF2BDE4C49005BBECC /* Build configuration list for PBXProject "RahalApp" */ = {
			isa = XCConfigurationList;
			buildConfigurations = (
				6F9E5A102BDE4C49005BBECC /* Debug */,
				6F9E5A112BDE4C49005BBECC /* Release */,
			);
			defaultConfigurationIsVisible = 0;
			defaultConfigurationName = Release;
		};
		6F9E5A122BDE4C49005BBECC /* Build configuration list for PBXNativeTarget "RahalApp" */ = {
			isa = XCConfigurationList;
			buildConfigurations = (
				6F9E5A132BDE4C49005BBECC /* Debug */,
				6F9E5A142BDE4C49005BBECC /* Release */,
			);
			defaultConfigurationIsVisible = 0;
			defaultConfigurationName = Release;
		};
/* End XCConfigurationList section */

/* Begin XCRemoteSwiftPackageReference section */
		17499EE82BF7D1D3002F2EF0 /* XCRemoteSwiftPackageReference "OneSignal-XCFramework" */ = {
			isa = XCRemoteSwiftPackageReference;
			repositoryURL = "https://github.com/OneSignal/OneSignal-XCFramework";
			requirement = {
				kind = upToNextMajorVersion;
				minimumVersion = 5.2.0;
			};
		};
/* End XCRemoteSwiftPackageReference section */

/* Begin XCSwiftPackageProductDependency section */
		17499EE92BF7D1D3002F2EF0 /* OneSignalExtension */ = {
			isa = XCSwiftPackageProductDependency;
			package = 17499EE82BF7D1D3002F2EF0 /* XCRemoteSwiftPackageReference "OneSignal-XCFramework" */;
			productName = OneSignalExtension;
		};
		17499EEB2BF7D1D3002F2EF0 /* OneSignalFramework */ = {
			isa = XCSwiftPackageProductDependency;
			package = 17499EE82BF7D1D3002F2EF0 /* XCRemoteSwiftPackageReference "OneSignal-XCFramework" */;
			productName = OneSignalFramework;
		};
		17499EED2BF7D1D3002F2EF0 /* OneSignalInAppMessages */ = {
			isa = XCSwiftPackageProductDependency;
			package = 17499EE82BF7D1D3002F2EF0 /* XCRemoteSwiftPackageReference "OneSignal-XCFramework" */;
			productName = OneSignalInAppMessages;
		};
		17499EEF2BF7D1D3002F2EF0 /* OneSignalLocation */ = {
			isa = XCSwiftPackageProductDependency;
			package = 17499EE82BF7D1D3002F2EF0 /* XCRemoteSwiftPackageReference "OneSignal-XCFramework" */;
			productName = OneSignalLocation;
		};
/* End XCSwiftPackageProductDependency section */
	};
	rootObject = 6F9E59FC2BDE4C49005BBECC /* Project object */;
}
